
Microsoft Visual Studio Solution File, Format Version 12.00
# Visual Studio Version 17
VisualStudioVersion = 17.0.31903.59
MinimumVisualStudioVersion = 10.0.40219.1
Project("{FAE04EC0-301F-11D3-BF4B-00C04F79EFBC}") = "sk-console", "sk-console\sk-console.csproj", "{CBAE589C-DD60-459C-B4AB-7A605142A77D}"
EndProject
Project("{FAE04EC0-301F-11D3-BF4B-00C04F79EFBC}") = "sk-webapi", "sk-webapi\sk-webapi.csproj", "{B1F1D57B-9AED-4054-9D44-5FD889432CA2}"
EndProject
Project("{FAE04EC0-301F-11D3-BF4B-00C04F79EFBC}") = "sk-functional-calling-webapi", "sk-functional-calling-webapi\sk-functional-calling-webapi.csproj", "{8D8D7552-377F-47A8-9AA3-2BDFAF9F556D}"
EndProject
Global
	GlobalSection(SolutionConfigurationPlatforms) = preSolution
		Debug|Any CPU = Debug|Any CPU
		Release|Any CPU = Release|Any CPU
	EndGlobalSection
	GlobalSection(ProjectConfigurationPlatforms) = postSolution
		{CBAE589C-DD60-459C-B4AB-7A605142A77D}.Debug|Any CPU.ActiveCfg = Debug|Any CPU
		{CBAE589C-DD60-459C-B4AB-7A605142A77D}.Debug|Any CPU.Build.0 = Debug|Any CPU
		{CBAE589C-DD60-459C-B4AB-7A605142A77D}.Release|Any CPU.ActiveCfg = Release|Any CPU
		{CBAE589C-DD60-459C-B4AB-7A605142A77D}.Release|Any CPU.Build.0 = Release|Any CPU
		{B1F1D57B-9AED-4054-9D44-5FD889432CA2}.Debug|Any CPU.ActiveCfg = Debug|Any CPU
		{B1F1D57B-9AED-4054-9D44-5FD889432CA2}.Debug|Any CPU.Build.0 = Debug|Any CPU
		{B1F1D57B-9AED-4054-9D44-5FD889432CA2}.Release|Any CPU.ActiveCfg = Release|Any CPU
		{B1F1D57B-9AED-4054-9D44-5FD889432CA2}.Release|Any CPU.Build.0 = Release|Any CPU
		{8D8D7552-377F-47A8-9AA3-2BDFAF9F556D}.Debug|Any CPU.ActiveCfg = Debug|Any CPU
		{8D8D7552-377F-47A8-9AA3-2BDFAF9F556D}.Debug|Any CPU.Build.0 = Debug|Any CPU
		{8D8D7552-377F-47A8-9AA3-2BDFAF9F556D}.Release|Any CPU.ActiveCfg = Release|Any CPU
		{8D8D7552-377F-47A8-9AA3-2BDFAF9F556D}.Release|Any CPU.Build.0 = Release|Any CPU
	EndGlobalSection
	GlobalSection(SolutionProperties) = preSolution
		HideSolutionNode = FALSE
	EndGlobalSection
	GlobalSection(ExtensibilityGlobals) = postSolution
		SolutionGuid = {8E4E19A2-97DE-4EFE-9350-96E5F5B991A5}
	EndGlobalSection
EndGlobal
